
Microsoft Visual Studio Solution File, Format Version 12.00
# Visual Studio Version 17
VisualStudioVersion = 17.9.34607.119
MinimumVisualStudioVersion = 10.0.40219.1
Project("{2150E333-8FDC-42A3-9474-1A3956D46DE8}") = "1-Domain", "1-Domain", "{CA907982-4629-45C5-91B3-AB8E061BA58D}"
EndProject
Project("{2150E333-8FDC-42A3-9474-1A3956D46DE8}") = "2-Infrastructure", "2-Infrastructure", "{65D57CAF-8FDA-41DB-84C8-2B2CE56D95E4}"
EndProject
Project("{2150E333-8FDC-42A3-9474-1A3956D46DE8}") = "3-Endpoint", "3-Endpoint", "{015AFCC2-656C-4BA9-AC31-09518F6D1EC1}"
EndProject
Project("{2150E333-8FDC-42A3-9474-1A3956D46DE8}") = "Core", "Core", "{5432731E-366A-4159-8E57-B55C556D1A32}"
EndProject
Project("{2150E333-8FDC-42A3-9474-1A3956D46DE8}") = "Services", "Services", "{8AC15456-2CAB-444B-892B-DD430C49D185}"
EndProject
Project("{FAE04EC0-301F-11D3-BF4B-00C04F79EFBC}") = "App.Domain.Core", "App.Core\App.Domain.Core.csproj", "{23AB7889-0471-4B45-BC6B-E63D4C4C5F56}"
EndProject
Project("{FAE04EC0-301F-11D3-BF4B-00C04F79EFBC}") = "App.Domain.AppServices", "App.Domain.AppServices\App.Domain.AppServices.csproj", "{827C1186-B49C-462E-986C-22A61C22D149}"
EndProject
Project("{FAE04EC0-301F-11D3-BF4B-00C04F79EFBC}") = "App.Domain.Services", "App.Domain.Services\App.Domain.Services.csproj", "{F3403192-B4F8-4209-BAC6-366ED93F974D}"
EndProject
Project("{FAE04EC0-301F-11D3-BF4B-00C04F79EFBC}") = "App.EndPoint.UI.MVC", "App.EndPoint.UI.MVC\App.EndPoint.UI.MVC.csproj", "{E8F28421-3547-4944-806C-66D8359650D5}"
EndProject
Project("{2150E333-8FDC-42A3-9474-1A3956D46DE8}") = "DataAccess", "DataAccess", "{3EC11952-FCB8-4924-9CF6-C4F438D9E9B0}"
EndProject
Project("{2150E333-8FDC-42A3-9474-1A3956D46DE8}") = "DataBase", "DataBase", "{C8C73B68-0F2A-4C30-BBAA-1F661BC193B3}"
EndProject
Project("{FAE04EC0-301F-11D3-BF4B-00C04F79EFBC}") = "App.Infra.Data.Repo.EF", "App.Infra.Data.Repo.EF\App.Infra.Data.Repo.EF.csproj", "{618EDC9D-6869-4E25-9B64-491E06A37461}"
EndProject
Project("{FAE04EC0-301F-11D3-BF4B-00C04F79EFBC}") = "App.Infra.DataBase.SQLServer.EF", "App.Infra.DataBase.SQLServer.EF\App.Infra.DataBase.SQLServer.EF.csproj", "{A2A3E733-86E2-42C0-9D09-85A95BC05240}"
EndProject
Project("{FAE04EC0-301F-11D3-BF4B-00C04F79EFBC}") = "App.Infra.DataBase.MemoryDataBase", "App.Infra.DataBase.MemoryDataBase\App.Infra.DataBase.MemoryDataBase.csproj", "{E537D055-7065-4D05-9887-A833DA82548A}"
EndProject
Global
	GlobalSection(SolutionConfigurationPlatforms) = preSolution
		Debug|Any CPU = Debug|Any CPU
		Release|Any CPU = Release|Any CPU
	EndGlobalSection
	GlobalSection(ProjectConfigurationPlatforms) = postSolution
		{23AB7889-0471-4B45-BC6B-E63D4C4C5F56}.Debug|Any CPU.ActiveCfg = Debug|Any CPU
		{23AB7889-0471-4B45-BC6B-E63D4C4C5F56}.Debug|Any CPU.Build.0 = Debug|Any CPU
		{23AB7889-0471-4B45-BC6B-E63D4C4C5F56}.Release|Any CPU.ActiveCfg = Release|Any CPU
		{23AB7889-0471-4B45-BC6B-E63D4C4C5F56}.Release|Any CPU.Build.0 = Release|Any CPU
		{827C1186-B49C-462E-986C-22A61C22D149}.Debug|Any CPU.ActiveCfg = Debug|Any CPU
		{827C1186-B49C-462E-986C-22A61C22D149}.Debug|Any CPU.Build.0 = Debug|Any CPU
		{827C1186-B49C-462E-986C-22A61C22D149}.Release|Any CPU.ActiveCfg = Release|Any CPU
		{827C1186-B49C-462E-986C-22A61C22D149}.Release|Any CPU.Build.0 = Release|Any CPU
		{F3403192-B4F8-4209-BAC6-366ED93F974D}.Debug|Any CPU.ActiveCfg = Debug|Any CPU
		{F3403192-B4F8-4209-BAC6-366ED93F974D}.Debug|Any CPU.Build.0 = Debug|Any CPU
		{F3403192-B4F8-4209-BAC6-366ED93F974D}.Release|Any CPU.ActiveCfg = Release|Any CPU
		{F3403192-B4F8-4209-BAC6-366ED93F974D}.Release|Any CPU.Build.0 = Release|Any CPU
		{E8F28421-3547-4944-806C-66D8359650D5}.Debug|Any CPU.ActiveCfg = Debug|Any CPU
		{E8F28421-3547-4944-806C-66D8359650D5}.Debug|Any CPU.Build.0 = Debug|Any CPU
		{E8F28421-3547-4944-806C-66D8359650D5}.Release|Any CPU.ActiveCfg = Release|Any CPU
		{E8F28421-3547-4944-806C-66D8359650D5}.Release|Any CPU.Build.0 = Release|Any CPU
		{618EDC9D-6869-4E25-9B64-491E06A37461}.Debug|Any CPU.ActiveCfg = Debug|Any CPU
		{618EDC9D-6869-4E25-9B64-491E06A37461}.Debug|Any CPU.Build.0 = Debug|Any CPU
		{618EDC9D-6869-4E25-9B64-491E06A37461}.Release|Any CPU.ActiveCfg = Release|Any CPU
		{618EDC9D-6869-4E25-9B64-491E06A37461}.Release|Any CPU.Build.0 = Release|Any CPU
		{A2A3E733-86E2-42C0-9D09-85A95BC05240}.Debug|Any CPU.ActiveCfg = Debug|Any CPU
		{A2A3E733-86E2-42C0-9D09-85A95BC05240}.Debug|Any CPU.Build.0 = Debug|Any CPU
		{A2A3E733-86E2-42C0-9D09-85A95BC05240}.Release|Any CPU.ActiveCfg = Release|Any CPU
		{A2A3E733-86E2-42C0-9D09-85A95BC05240}.Release|Any CPU.Build.0 = Release|Any CPU
		{E537D055-7065-4D05-9887-A833DA82548A}.Debug|Any CPU.ActiveCfg = Debug|Any CPU
		{E537D055-7065-4D05-9887-A833DA82548A}.Debug|Any CPU.Build.0 = Debug|Any CPU
		{E537D055-7065-4D05-9887-A833DA82548A}.Release|Any CPU.ActiveCfg = Release|Any CPU
		{E537D055-7065-4D05-9887-A833DA82548A}.Release|Any CPU.Build.0 = Release|Any CPU
	EndGlobalSection
	GlobalSection(SolutionProperties) = preSolution
		HideSolutionNode = FALSE
	EndGlobalSection
	GlobalSection(NestedProjects) = preSolution
		{5432731E-366A-4159-8E57-B55C556D1A32} = {CA907982-4629-45C5-91B3-AB8E061BA58D}
		{8AC15456-2CAB-444B-892B-DD430C49D185} = {CA907982-4629-45C5-91B3-AB8E061BA58D}
		{23AB7889-0471-4B45-BC6B-E63D4C4C5F56} = {5432731E-366A-4159-8E57-B55C556D1A32}
		{827C1186-B49C-462E-986C-22A61C22D149} = {8AC15456-2CAB-444B-892B-DD430C49D185}
		{F3403192-B4F8-4209-BAC6-366ED93F974D} = {8AC15456-2CAB-444B-892B-DD430C49D185}
		{E8F28421-3547-4944-806C-66D8359650D5} = {015AFCC2-656C-4BA9-AC31-09518F6D1EC1}
		{3EC11952-FCB8-4924-9CF6-C4F438D9E9B0} = {65D57CAF-8FDA-41DB-84C8-2B2CE56D95E4}
		{C8C73B68-0F2A-4C30-BBAA-1F661BC193B3} = {65D57CAF-8FDA-41DB-84C8-2B2CE56D95E4}
		{618EDC9D-6869-4E25-9B64-491E06A37461} = {3EC11952-FCB8-4924-9CF6-C4F438D9E9B0}
		{A2A3E733-86E2-42C0-9D09-85A95BC05240} = {C8C73B68-0F2A-4C30-BBAA-1F661BC193B3}
		{E537D055-7065-4D05-9887-A833DA82548A} = {C8C73B68-0F2A-4C30-BBAA-1F661BC193B3}
	EndGlobalSection
	GlobalSection(ExtensibilityGlobals) = postSolution
		SolutionGuid = {BBDB55B7-6DF3-4F3C-9FC5-FC6867AF10C2}
	EndGlobalSection
EndGlobal
